<?xml version="1.0" encoding="UTF-8"?>
<Solution>
	<Configurations>
		<BuildType Name="Debug"/>
		<BuildType Name="Release"/>
		<BuildType Name="MinSizeRel"/>
		<BuildType Name="RelWithDebInfo"/>
		<Platform Name="x64"/>
	</Configurations>
	<Project Path="src/libprojectM/Audio/Audio.vcxproj" Type="8bc9ceb8-8b4a-11d0-8d11-00a0c91bc942" Id="45c153ac-577a-3936-92a1-572057bcfe57">
		<BuildDependency Project="ZERO_CHECK.vcxproj"/>
		<BuildDependency Project="src/api/projectM_api.vcxproj"/>
	</Project>
	<Project Path="src/libprojectM/UserSprites/UserSprites.vcxproj" Type="8bc9ceb8-8b4a-11d0-8d11-00a0c91bc942" Id="39f5177c-ab75-302c-a9d1-ddbde1a0cbe2">
		<BuildDependency Project="src/libprojectM/MilkdropPreset/MilkdropPreset.vcxproj"/>
		<BuildDependency Project="ZERO_CHECK.vcxproj"/>
		<BuildDependency Project="vendor/glm/glm.vcxproj"/>
		<BuildDependency Project="vendor/hlslparser/hlslparser.vcxproj"/>
		<BuildDependency Project="src/api/projectM_api.vcxproj"/>
		<BuildDependency Project="vendor/projectm-eval/projectm-eval/projectM_eval.vcxproj"/>
	</Project>
	<Project Path="vendor/glad/glad.vcxproj" Type="8bc9ceb8-8b4a-11d0-8d11-00a0c91bc942" Id="e1e7b47b-6d5f-3400-a0dc-b86d0d721ced">
		<BuildDependency Project="ZERO_CHECK.vcxproj"/>
		<BuildDependency Project="vendor/glad/glad_obj.vcxproj"/>
	</Project>
	<Project Path="vendor/glad/glad_obj.vcxproj" Type="8bc9ceb8-8b4a-11d0-8d11-00a0c91bc942" Id="b4163ea6-7f34-3f4d-b198-3d6e7eb0f07e">
		<BuildDependency Project="ZERO_CHECK.vcxproj"/>
	</Project>
	<Project Path="vendor/glm/glm.vcxproj" Type="8bc9ceb8-8b4a-11d0-8d11-00a0c91bc942" Id="e7b00c03-a905-32b6-9133-3c3b8a931f1d">
		<BuildDependency Project="ZERO_CHECK.vcxproj"/>
	</Project>
	<Project Path="vendor/projectm-eval/projectm-eval/projectM_eval.vcxproj" Type="8bc9ceb8-8b4a-11d0-8d11-00a0c91bc942" Id="e4b891c1-8c83-3af8-8915-a80989fb67da">
		<BuildDependency Project="ZERO_CHECK.vcxproj"/>
	</Project>
	<Project Path="src/libprojectM/projectM_main.vcxproj" Type="8bc9ceb8-8b4a-11d0-8d11-00a0c91bc942" Id="b6990116-d202-39a2-a1a8-ae5cd427c1ec">
		<BuildDependency Project="src/libprojectM/Audio/Audio.vcxproj"/>
		<BuildDependency Project="src/libprojectM/MilkdropPreset/MilkdropPreset.vcxproj"/>
		<BuildDependency Project="src/libprojectM/Renderer/Renderer.vcxproj"/>
		<BuildDependency Project="ZERO_CHECK.vcxproj"/>
		<BuildDependency Project="vendor/glad/glad.vcxproj"/>
		<BuildDependency Project="vendor/glm/glm.vcxproj"/>
		<BuildDependency Project="vendor/hlslparser/hlslparser.vcxproj"/>
		<BuildDependency Project="src/api/projectM_api.vcxproj"/>
		<BuildDependency Project="vendor/projectm-eval/projectm-eval/projectM_eval.vcxproj"/>
		<BuildDependency Project="vendor/stb_image/stb_image.vcxproj"/>
	</Project>
	<Project Path="src/playlist/projectM_playlist_main.vcxproj" Type="8bc9ceb8-8b4a-11d0-8d11-00a0c91bc942" Id="2c45ba42-b93c-3056-beb1-8910121be22a">
		<BuildDependency Project="ZERO_CHECK.vcxproj"/>
		<BuildDependency Project="src/api/projectM_api.vcxproj"/>
	</Project>
	<Folder Name="/CMakePredefinedTargets/">
		<Project Path="ALL_BUILD.vcxproj" Type="8bc9ceb8-8b4a-11d0-8d11-00a0c91bc942" Id="690226b6-8878-318e-8ed9-c8783219ad84" DefaultStartup="true">
			<BuildDependency Project="src/libprojectM/Audio/Audio.vcxproj"/>
			<BuildDependency Project="src/libprojectM/MilkdropPreset/MilkdropPreset.vcxproj"/>
			<BuildDependency Project="src/libprojectM/Renderer/Renderer.vcxproj"/>
			<BuildDependency Project="src/libprojectM/UserSprites/UserSprites.vcxproj"/>
			<BuildDependency Project="ZERO_CHECK.vcxproj"/>
			<BuildDependency Project="vendor/glad/glad.vcxproj"/>
			<BuildDependency Project="vendor/glad/glad_obj.vcxproj"/>
			<BuildDependency Project="vendor/glm/glm.vcxproj"/>
			<BuildDependency Project="vendor/hlslparser/hlslparser.vcxproj"/>
			<BuildDependency Project="src/libprojectM/projectM.vcxproj"/>
			<BuildDependency Project="src/api/projectM_api.vcxproj"/>
			<BuildDependency Project="vendor/projectm-eval/projectm-eval/projectM_eval.vcxproj"/>
			<BuildDependency Project="src/libprojectM/projectM_main.vcxproj"/>
			<BuildDependency Project="src/playlist/projectM_playlist.vcxproj"/>
			<BuildDependency Project="src/playlist/projectM_playlist_main.vcxproj"/>
			<BuildDependency Project="vendor/stb_image/stb_image.vcxproj"/>
		</Project>
		<Project Path="INSTALL.vcxproj" Type="8bc9ceb8-8b4a-11d0-8d11-00a0c91bc942" Id="71d995a8-d7ab-394d-8a0a-38ad39fac7d9">
			<BuildDependency Project="ALL_BUILD.vcxproj"/>
			<BuildDependency Project="ZERO_CHECK.vcxproj"/>
			<Build Solution="Debug|*" Project="false"/>
			<Build Solution="Release|*" Project="false"/>
			<Build Solution="MinSizeRel|*" Project="false"/>
			<Build Solution="RelWithDebInfo|*" Project="false"/>
		</Project>
		<Project Path="PACKAGE.vcxproj" Type="8bc9ceb8-8b4a-11d0-8d11-00a0c91bc942" Id="9fe2760b-8335-33a9-9f57-beef45c6f5ae">
			<BuildDependency Project="ALL_BUILD.vcxproj"/>
			<BuildDependency Project="ZERO_CHECK.vcxproj"/>
			<Build Solution="Debug|*" Project="false"/>
			<Build Solution="Release|*" Project="false"/>
			<Build Solution="MinSizeRel|*" Project="false"/>
			<Build Solution="RelWithDebInfo|*" Project="false"/>
		</Project>
		<Project Path="ZERO_CHECK.vcxproj" Type="8bc9ceb8-8b4a-11d0-8d11-00a0c91bc942" Id="99369ac9-32eb-315c-a8f7-3404856739dd"/>
	</Folder>
	<Folder Name="/libprojectM/">
		<Project Path="src/libprojectM/MilkdropPreset/MilkdropPreset.vcxproj" Type="8bc9ceb8-8b4a-11d0-8d11-00a0c91bc942" Id="3e48b372-6cda-3a30-a896-22e62fa656fc">
			<BuildDependency Project="ZERO_CHECK.vcxproj"/>
			<BuildDependency Project="vendor/glm/glm.vcxproj"/>
			<BuildDependency Project="vendor/hlslparser/hlslparser.vcxproj"/>
			<BuildDependency Project="src/api/projectM_api.vcxproj"/>
			<BuildDependency Project="vendor/projectm-eval/projectm-eval/projectM_eval.vcxproj"/>
		</Project>
		<Project Path="src/libprojectM/Renderer/Renderer.vcxproj" Type="8bc9ceb8-8b4a-11d0-8d11-00a0c91bc942" Id="32e6b81b-b8c7-36bf-9e2e-e22f76d0d986">
			<BuildDependency Project="ZERO_CHECK.vcxproj"/>
			<BuildDependency Project="vendor/glad/glad.vcxproj"/>
			<BuildDependency Project="vendor/glm/glm.vcxproj"/>
			<BuildDependency Project="vendor/hlslparser/hlslparser.vcxproj"/>
			<BuildDependency Project="src/api/projectM_api.vcxproj"/>
			<BuildDependency Project="vendor/stb_image/stb_image.vcxproj"/>
		</Project>
		<Project Path="vendor/hlslparser/hlslparser.vcxproj" Type="8bc9ceb8-8b4a-11d0-8d11-00a0c91bc942" Id="b2f7d458-ba0a-3e47-b382-559bfc91493f">
			<BuildDependency Project="ZERO_CHECK.vcxproj"/>
			<BuildDependency Project="src/api/projectM_api.vcxproj"/>
		</Project>
		<Project Path="src/libprojectM/projectM.vcxproj" Type="8bc9ceb8-8b4a-11d0-8d11-00a0c91bc942" Id="e3eeb5b1-ce90-3a1c-8043-33be40db6e3c">
			<BuildDependency Project="src/libprojectM/Audio/Audio.vcxproj"/>
			<BuildDependency Project="src/libprojectM/MilkdropPreset/MilkdropPreset.vcxproj"/>
			<BuildDependency Project="src/libprojectM/Renderer/Renderer.vcxproj"/>
			<BuildDependency Project="src/libprojectM/UserSprites/UserSprites.vcxproj"/>
			<BuildDependency Project="ZERO_CHECK.vcxproj"/>
			<BuildDependency Project="vendor/glad/glad_obj.vcxproj"/>
			<BuildDependency Project="vendor/hlslparser/hlslparser.vcxproj"/>
			<BuildDependency Project="src/api/projectM_api.vcxproj"/>
			<BuildDependency Project="vendor/projectm-eval/projectm-eval/projectM_eval.vcxproj"/>
			<BuildDependency Project="src/libprojectM/projectM_main.vcxproj"/>
			<BuildDependency Project="vendor/stb_image/stb_image.vcxproj"/>
		</Project>
		<Project Path="src/api/projectM_api.vcxproj" Type="8bc9ceb8-8b4a-11d0-8d11-00a0c91bc942" Id="a17f9e2f-3e41-31fa-8d08-5d4ee9dcbadf">
			<BuildDependency Project="ZERO_CHECK.vcxproj"/>
		</Project>
		<Project Path="src/playlist/projectM_playlist.vcxproj" Type="8bc9ceb8-8b4a-11d0-8d11-00a0c91bc942" Id="edcf30ed-b5b3-3a31-99ae-d2bb611750fa">
			<BuildDependency Project="ZERO_CHECK.vcxproj"/>
			<BuildDependency Project="src/libprojectM/projectM.vcxproj"/>
			<BuildDependency Project="src/api/projectM_api.vcxproj"/>
			<BuildDependency Project="src/playlist/projectM_playlist_main.vcxproj"/>
		</Project>
	</Folder>
	<Folder Name="/vendor/"/>
	<Folder Name="/vendor/stb_image/">
		<Project Path="vendor/stb_image/stb_image.vcxproj" Type="8bc9ceb8-8b4a-11d0-8d11-00a0c91bc942" Id="b6314704-76f5-34e6-be39-9a4049fdc1b2">
			<BuildDependency Project="ZERO_CHECK.vcxproj"/>
		</Project>
	</Folder>
</Solution>
