<?xml version="1.0" encoding="utf-8"?>
<Project ToolsVersion="18.0" xmlns="http://schemas.microsoft.com/developer/msbuild/2003">
  <ItemGroup>
    <ClCompile Include="C:\Users\hyper\workspace\bobsaver\projectm\src\libprojectM\Renderer\BlendMode.cpp">
      <Filter>Source Files</Filter>
    </ClCompile>
    <ClCompile Include="C:\Users\hyper\workspace\bobsaver\projectm\src\libprojectM\Renderer\CopyTexture.cpp">
      <Filter>Source Files</Filter>
    </ClCompile>
    <ClCompile Include="C:\Users\hyper\workspace\bobsaver\projectm\src\libprojectM\Renderer\FileScanner.cpp">
      <Filter>Source Files</Filter>
    </ClCompile>
    <ClCompile Include="C:\Users\hyper\workspace\bobsaver\projectm\src\libprojectM\Renderer\Framebuffer.cpp">
      <Filter>Source Files</Filter>
    </ClCompile>
    <ClCompile Include="C:\Users\hyper\workspace\bobsaver\projectm\src\libprojectM\Renderer\Mesh.cpp">
      <Filter>Source Files</Filter>
    </ClCompile>
    <ClCompile Include="C:\Users\hyper\workspace\bobsaver\projectm\src\libprojectM\Renderer\MilkdropNoise.cpp">
      <Filter>Source Files</Filter>
    </ClCompile>
    <ClCompile Include="C:\Users\hyper\workspace\bobsaver\projectm\src\libprojectM\Renderer\Platform\DynamicLibrary.cpp">
      <Filter>Source Files</Filter>
    </ClCompile>
    <ClCompile Include="C:\Users\hyper\workspace\bobsaver\projectm\src\libprojectM\Renderer\Platform\GladLoader.cpp">
      <Filter>Source Files</Filter>
    </ClCompile>
    <ClCompile Include="C:\Users\hyper\workspace\bobsaver\projectm\src\libprojectM\Renderer\Platform\GLProbe.cpp">
      <Filter>Source Files</Filter>
    </ClCompile>
    <ClCompile Include="C:\Users\hyper\workspace\bobsaver\projectm\src\libprojectM\Renderer\Platform\GLResolver.cpp">
      <Filter>Source Files</Filter>
    </ClCompile>
    <ClCompile Include="C:\Users\hyper\workspace\bobsaver\projectm\src\libprojectM\Renderer\PresetTransition.cpp">
      <Filter>Source Files</Filter>
    </ClCompile>
    <ClCompile Include="C:\Users\hyper\workspace\bobsaver\projectm\src\libprojectM\Renderer\Sampler.cpp">
      <Filter>Source Files</Filter>
    </ClCompile>
    <ClCompile Include="C:\Users\hyper\workspace\bobsaver\projectm\src\libprojectM\Renderer\Shader.cpp">
      <Filter>Source Files</Filter>
    </ClCompile>
    <ClCompile Include="C:\Users\hyper\workspace\bobsaver\projectm\src\libprojectM\Renderer\ShaderCache.cpp">
      <Filter>Source Files</Filter>
    </ClCompile>
    <ClCompile Include="C:\Users\hyper\workspace\bobsaver\projectm\src\libprojectM\Renderer\Texture.cpp">
      <Filter>Source Files</Filter>
    </ClCompile>
    <ClCompile Include="C:\Users\hyper\workspace\bobsaver\projectm\src\libprojectM\Renderer\TextureAttachment.cpp">
      <Filter>Source Files</Filter>
    </ClCompile>
    <ClCompile Include="C:\Users\hyper\workspace\bobsaver\projectm\src\libprojectM\Renderer\TextureManager.cpp">
      <Filter>Source Files</Filter>
    </ClCompile>
    <ClCompile Include="C:\Users\hyper\workspace\bobsaver\projectm\src\libprojectM\Renderer\TextureSamplerDescriptor.cpp">
      <Filter>Source Files</Filter>
    </ClCompile>
    <ClCompile Include="C:\Users\hyper\workspace\bobsaver\projectm\src\libprojectM\Renderer\TransitionShaderManager.cpp">
      <Filter>Source Files</Filter>
    </ClCompile>
    <ClCompile Include="C:\Users\hyper\workspace\bobsaver\projectm\src\libprojectM\Renderer\VertexBufferUsage.cpp">
      <Filter>Source Files</Filter>
    </ClCompile>
    <ClCompile Include="C:\Users\hyper\workspace\bobsaver\projectm\src\libprojectM\Renderer\VertexIndexArray.cpp">
      <Filter>Source Files</Filter>
    </ClCompile>
    <ClCompile Include="C:\Users\hyper\workspace\bobsaver\projectm\src\libprojectM\Renderer\Platform\DynamicLibrary_win32.cpp">
      <Filter>Source Files</Filter>
    </ClCompile>
    <ClCompile Include="C:\Users\hyper\workspace\bobsaver\projectm\src\libprojectM\Renderer\Platform\DynamicLibrary_posix.cpp">
      <Filter>Source Files</Filter>
    </ClCompile>
    <ClCompile Include="C:\Users\hyper\workspace\bobsaver\projectm\src\libprojectM\Renderer\Platform\DynamicLibrary_emscripten.cpp">
      <Filter>Source Files</Filter>
    </ClCompile>
  </ItemGroup>
  <ItemGroup>
    <ClInclude Include="C:\Users\hyper\workspace\bobsaver\projectm\build_output\src\libprojectM\Renderer\BuiltInTransitionsResources.hpp">
      <Filter>Header Files</Filter>
    </ClInclude>
    <ClInclude Include="C:\Users\hyper\workspace\bobsaver\projectm\src\libprojectM\Renderer\BlendMode.hpp">
      <Filter>Header Files</Filter>
    </ClInclude>
    <ClInclude Include="C:\Users\hyper\workspace\bobsaver\projectm\src\libprojectM\Renderer\Color.hpp">
      <Filter>Header Files</Filter>
    </ClInclude>
    <ClInclude Include="C:\Users\hyper\workspace\bobsaver\projectm\src\libprojectM\Renderer\CopyTexture.hpp">
      <Filter>Header Files</Filter>
    </ClInclude>
    <ClInclude Include="C:\Users\hyper\workspace\bobsaver\projectm\src\libprojectM\Renderer\FileScanner.hpp">
      <Filter>Header Files</Filter>
    </ClInclude>
    <ClInclude Include="C:\Users\hyper\workspace\bobsaver\projectm\src\libprojectM\Renderer\Framebuffer.hpp">
      <Filter>Header Files</Filter>
    </ClInclude>
    <ClInclude Include="C:\Users\hyper\workspace\bobsaver\projectm\src\libprojectM\Renderer\IdleTextures.hpp">
      <Filter>Header Files</Filter>
    </ClInclude>
    <ClInclude Include="C:\Users\hyper\workspace\bobsaver\projectm\src\libprojectM\Renderer\Mesh.hpp">
      <Filter>Header Files</Filter>
    </ClInclude>
    <ClInclude Include="C:\Users\hyper\workspace\bobsaver\projectm\src\libprojectM\Renderer\MilkdropNoise.hpp">
      <Filter>Header Files</Filter>
    </ClInclude>
    <ClInclude Include="C:\Users\hyper\workspace\bobsaver\projectm\src\libprojectM\Renderer\OpenGL.h">
      <Filter>Header Files</Filter>
    </ClInclude>
    <ClInclude Include="C:\Users\hyper\workspace\bobsaver\projectm\src\libprojectM\Renderer\Platform\DynamicLibrary.hpp">
      <Filter>Header Files</Filter>
    </ClInclude>
    <ClInclude Include="C:\Users\hyper\workspace\bobsaver\projectm\src\libprojectM\Renderer\Platform\GladLoader.hpp">
      <Filter>Header Files</Filter>
    </ClInclude>
    <ClInclude Include="C:\Users\hyper\workspace\bobsaver\projectm\src\libprojectM\Renderer\Platform\GLProbe.hpp">
      <Filter>Header Files</Filter>
    </ClInclude>
    <ClInclude Include="C:\Users\hyper\workspace\bobsaver\projectm\src\libprojectM\Renderer\Platform\GLResolver.hpp">
      <Filter>Header Files</Filter>
    </ClInclude>
    <ClInclude Include="C:\Users\hyper\workspace\bobsaver\projectm\src\libprojectM\Renderer\Point.hpp">
      <Filter>Header Files</Filter>
    </ClInclude>
    <ClInclude Include="C:\Users\hyper\workspace\bobsaver\projectm\src\libprojectM\Renderer\PresetTransition.hpp">
      <Filter>Header Files</Filter>
    </ClInclude>
    <ClInclude Include="C:\Users\hyper\workspace\bobsaver\projectm\src\libprojectM\Renderer\RenderContext.hpp">
      <Filter>Header Files</Filter>
    </ClInclude>
    <ClInclude Include="C:\Users\hyper\workspace\bobsaver\projectm\src\libprojectM\Renderer\Sampler.hpp">
      <Filter>Header Files</Filter>
    </ClInclude>
    <ClInclude Include="C:\Users\hyper\workspace\bobsaver\projectm\src\libprojectM\Renderer\Shader.hpp">
      <Filter>Header Files</Filter>
    </ClInclude>
    <ClInclude Include="C:\Users\hyper\workspace\bobsaver\projectm\src\libprojectM\Renderer\ShaderCache.hpp">
      <Filter>Header Files</Filter>
    </ClInclude>
    <ClInclude Include="C:\Users\hyper\workspace\bobsaver\projectm\src\libprojectM\Renderer\Texture.hpp">
      <Filter>Header Files</Filter>
    </ClInclude>
    <ClInclude Include="C:\Users\hyper\workspace\bobsaver\projectm\src\libprojectM\Renderer\TextureAttachment.hpp">
      <Filter>Header Files</Filter>
    </ClInclude>
    <ClInclude Include="C:\Users\hyper\workspace\bobsaver\projectm\src\libprojectM\Renderer\TextureManager.hpp">
      <Filter>Header Files</Filter>
    </ClInclude>
    <ClInclude Include="C:\Users\hyper\workspace\bobsaver\projectm\src\libprojectM\Renderer\TextureSamplerDescriptor.hpp">
      <Filter>Header Files</Filter>
    </ClInclude>
    <ClInclude Include="C:\Users\hyper\workspace\bobsaver\projectm\src\libprojectM\Renderer\TextureUV.hpp">
      <Filter>Header Files</Filter>
    </ClInclude>
    <ClInclude Include="C:\Users\hyper\workspace\bobsaver\projectm\src\libprojectM\Renderer\TransitionShaderManager.hpp">
      <Filter>Header Files</Filter>
    </ClInclude>
    <ClInclude Include="C:\Users\hyper\workspace\bobsaver\projectm\src\libprojectM\Renderer\VertexArray.hpp">
      <Filter>Header Files</Filter>
    </ClInclude>
    <ClInclude Include="C:\Users\hyper\workspace\bobsaver\projectm\src\libprojectM\Renderer\VertexBuffer.hpp">
      <Filter>Header Files</Filter>
    </ClInclude>
    <ClInclude Include="C:\Users\hyper\workspace\bobsaver\projectm\src\libprojectM\Renderer\VertexBufferUsage.hpp">
      <Filter>Header Files</Filter>
    </ClInclude>
    <ClInclude Include="C:\Users\hyper\workspace\bobsaver\projectm\src\libprojectM\Renderer\VertexIndexArray.hpp">
      <Filter>Header Files</Filter>
    </ClInclude>
    <ClInclude Include="C:\Users\hyper\workspace\bobsaver\projectm\src\libprojectM\Renderer\Platform\PlatformLibraryNames.hpp">
      <Filter>Header Files</Filter>
    </ClInclude>
  </ItemGroup>
  <ItemGroup>
    <CustomBuild Include="C:\Users\hyper\workspace\bobsaver\projectm\build_output\CMakeFiles\40767381821cb72db016cc8842eb7c74\BuiltInTransitionsResources.hpp.rule">
      <Filter>CMake Rules</Filter>
    </CustomBuild>
    <CustomBuild Include="C:\Users\hyper\workspace\bobsaver\projectm\src\libprojectM\Renderer\CMakeLists.txt" />
  </ItemGroup>
  <ItemGroup>
    <Filter Include="CMake Rules">
      <UniqueIdentifier>{4E1438FD-11EA-3BB9-B6F6-5310AED82AFE}</UniqueIdentifier>
    </Filter>
    <Filter Include="Header Files">
      <UniqueIdentifier>{05EC38D2-50F0-367F-9E3E-06A8DBBF2EF2}</UniqueIdentifier>
    </Filter>
    <Filter Include="Source Files">
      <UniqueIdentifier>{E114CB20-544A-3AC3-BED1-001144D10100}</UniqueIdentifier>
    </Filter>
  </ItemGroup>
</Project>
