<?xml version="1.0" encoding="utf-8"?>
<Project ToolsVersion="18.0" xmlns="http://schemas.microsoft.com/developer/msbuild/2003">
  <ItemGroup>
    <CustomBuild Include="C:\Users\hyper\workspace\bobsaver\projectm\src\api\CMakeLists.txt" />
  </ItemGroup>
  <ItemGroup>
    <None Include="C:\Users\hyper\workspace\bobsaver\projectm\build_output\src\api\include\projectM-4\projectM_export.h">
      <Filter>Header Files</Filter>
    </None>
    <None Include="C:\Users\hyper\workspace\bobsaver\projectm\build_output\src\api\include\projectM-4\version.h">
      <Filter>Header Files</Filter>
    </None>
    <None Include="C:\Users\hyper\workspace\bobsaver\projectm\src\api\include\projectM-4\audio.h">
      <Filter>Header Files</Filter>
    </None>
    <None Include="C:\Users\hyper\workspace\bobsaver\projectm\src\api\include\projectM-4\callbacks.h">
      <Filter>Header Files</Filter>
    </None>
    <None Include="C:\Users\hyper\workspace\bobsaver\projectm\src\api\include\projectM-4\core.h">
      <Filter>Header Files</Filter>
    </None>
    <None Include="C:\Users\hyper\workspace\bobsaver\projectm\src\api\include\projectM-4\debug.h">
      <Filter>Header Files</Filter>
    </None>
    <None Include="C:\Users\hyper\workspace\bobsaver\projectm\src\api\include\projectM-4\logging.h">
      <Filter>Header Files</Filter>
    </None>
    <None Include="C:\Users\hyper\workspace\bobsaver\projectm\src\api\include\projectM-4\memory.h">
      <Filter>Header Files</Filter>
    </None>
    <None Include="C:\Users\hyper\workspace\bobsaver\projectm\src\api\include\projectM-4\parameters.h">
      <Filter>Header Files</Filter>
    </None>
    <None Include="C:\Users\hyper\workspace\bobsaver\projectm\src\api\include\projectM-4\projectM.h">
      <Filter>Header Files</Filter>
    </None>
    <None Include="C:\Users\hyper\workspace\bobsaver\projectm\src\api\include\projectM-4\render_opengl.h">
      <Filter>Header Files</Filter>
    </None>
    <None Include="C:\Users\hyper\workspace\bobsaver\projectm\src\api\include\projectM-4\touch.h">
      <Filter>Header Files</Filter>
    </None>
    <None Include="C:\Users\hyper\workspace\bobsaver\projectm\src\api\include\projectM-4\types.h">
      <Filter>Header Files</Filter>
    </None>
    <None Include="C:\Users\hyper\workspace\bobsaver\projectm\src\api\include\projectM-4\user_sprites.h">
      <Filter>Header Files</Filter>
    </None>
  </ItemGroup>
  <ItemGroup>
    <Filter Include="Header Files">
      <UniqueIdentifier>{05EC38D2-50F0-367F-9E3E-06A8DBBF2EF2}</UniqueIdentifier>
    </Filter>
  </ItemGroup>
</Project>
