<?xml version="1.0" encoding="utf-8"?>
<Project ToolsVersion="18.0" xmlns="http://schemas.microsoft.com/developer/msbuild/2003">
  <ItemGroup>
    <ClCompile Include="C:\Users\hyper\workspace\bobsaver\projectm\src\libprojectM\UserSprites\Factory.cpp">
      <Filter>Source Files</Filter>
    </ClCompile>
    <ClCompile Include="C:\Users\hyper\workspace\bobsaver\projectm\src\libprojectM\UserSprites\MilkdropSprite.cpp">
      <Filter>Source Files</Filter>
    </ClCompile>
    <ClCompile Include="C:\Users\hyper\workspace\bobsaver\projectm\src\libprojectM\UserSprites\SpriteManager.cpp">
      <Filter>Source Files</Filter>
    </ClCompile>
  </ItemGroup>
  <ItemGroup>
    <ClInclude Include="C:\Users\hyper\workspace\bobsaver\projectm\build_output\src\libprojectM\UserSprites\SpriteShaders.hpp">
      <Filter>Header Files</Filter>
    </ClInclude>
    <ClInclude Include="C:\Users\hyper\workspace\bobsaver\projectm\src\libprojectM\UserSprites\Factory.hpp">
      <Filter>Header Files</Filter>
    </ClInclude>
    <ClInclude Include="C:\Users\hyper\workspace\bobsaver\projectm\src\libprojectM\UserSprites\MilkdropSprite.hpp">
      <Filter>Header Files</Filter>
    </ClInclude>
    <ClInclude Include="C:\Users\hyper\workspace\bobsaver\projectm\src\libprojectM\UserSprites\Sprite.hpp">
      <Filter>Header Files</Filter>
    </ClInclude>
    <ClInclude Include="C:\Users\hyper\workspace\bobsaver\projectm\src\libprojectM\UserSprites\SpriteException.hpp">
      <Filter>Header Files</Filter>
    </ClInclude>
    <ClInclude Include="C:\Users\hyper\workspace\bobsaver\projectm\src\libprojectM\UserSprites\SpriteManager.hpp">
      <Filter>Header Files</Filter>
    </ClInclude>
  </ItemGroup>
  <ItemGroup>
    <CustomBuild Include="C:\Users\hyper\workspace\bobsaver\projectm\build_output\CMakeFiles\2d5c983cb21f5892942ff1cd0a8fc8cf\SpriteShaders.hpp.rule">
      <Filter>CMake Rules</Filter>
    </CustomBuild>
    <CustomBuild Include="C:\Users\hyper\workspace\bobsaver\projectm\src\libprojectM\UserSprites\CMakeLists.txt" />
  </ItemGroup>
  <ItemGroup>
    <Filter Include="CMake Rules">
      <UniqueIdentifier>{4E1438FD-11EA-3BB9-B6F6-5310AED82AFE}</UniqueIdentifier>
    </Filter>
    <Filter Include="Header Files">
      <UniqueIdentifier>{05EC38D2-50F0-367F-9E3E-06A8DBBF2EF2}</UniqueIdentifier>
    </Filter>
    <Filter Include="Source Files">
      <UniqueIdentifier>{E114CB20-544A-3AC3-BED1-001144D10100}</UniqueIdentifier>
    </Filter>
  </ItemGroup>
</Project>
